
Microsoft Visual Studio Solution File, Format Version 12.00
# Visual Studio Version 16
VisualStudioVersion = 16.0.33529.622
MinimumVisualStudioVersion = 10.0.40219.1
Project("{F14B399A-7131-4C87-9E4B-1186C45EF12D}") = "Reporte Esencial Verde", "Reporte Esencial Verde.rptproj", "{00689288-AD6D-406F-88B9-2ABEB9812B32}"
EndProject
Global
	GlobalSection(SolutionConfigurationPlatforms) = preSolution
		Debug|Default = Debug|Default
		DebugLocal|Default = DebugLocal|Default
		Release|Default = Release|Default
	EndGlobalSection
	GlobalSection(ProjectConfigurationPlatforms) = postSolution
		{00689288-AD6D-406F-88B9-2ABEB9812B32}.Debug|Default.ActiveCfg = Debug
		{00689288-AD6D-406F-88B9-2ABEB9812B32}.Debug|Default.Build.0 = Debug
		{00689288-AD6D-406F-88B9-2ABEB9812B32}.Debug|Default.Deploy.0 = Debug
		{00689288-AD6D-406F-88B9-2ABEB9812B32}.DebugLocal|Default.ActiveCfg = DebugLocal
		{00689288-AD6D-406F-88B9-2ABEB9812B32}.DebugLocal|Default.Build.0 = DebugLocal
		{00689288-AD6D-406F-88B9-2ABEB9812B32}.Release|Default.ActiveCfg = Release
		{00689288-AD6D-406F-88B9-2ABEB9812B32}.Release|Default.Build.0 = Release
		{00689288-AD6D-406F-88B9-2ABEB9812B32}.Release|Default.Deploy.0 = Release
	EndGlobalSection
	GlobalSection(SolutionProperties) = preSolution
		HideSolutionNode = FALSE
	EndGlobalSection
	GlobalSection(ExtensibilityGlobals) = postSolution
		SolutionGuid = {24CAA734-937F-41E1-A60F-E067D2D41D2D}
	EndGlobalSection
EndGlobal
